Microsoft Visual Studio Solution File, Format Version 11.00
# Visual Studio 2010
Project("{FAE04EC0-301F-11D3-BF4B-00C04F79EFBC}") = "PushpinAnimation", "PushpinAnimation\PushpinAnimation.csproj", "{53D27E66-DFD1-419C-A9C7-95AAA7C6E6B7}"
EndProject
Project("{FAE04EC0-301F-11D3-BF4B-00C04F79EFBC}") = "PushpinAnimation.Web", "PushpinAnimation.Web\PushpinAnimation.Web.csproj", "{C05A115C-4684-429B-B534-B21FC83ECE6B}"
EndProject
Global
	GlobalSection(SolutionConfigurationPlatforms) = preSolution
		Debug|Any CPU = Debug|Any CPU
		Release|Any CPU = Release|Any CPU
	EndGlobalSection
	GlobalSection(ProjectConfigurationPlatforms) = postSolution
		{53D27E66-DFD1-419C-A9C7-95AAA7C6E6B7}.Debug|Any CPU.ActiveCfg = Debug|Any CPU
		{53D27E66-DFD1-419C-A9C7-95AAA7C6E6B7}.Debug|Any CPU.Build.0 = Debug|Any CPU
		{53D27E66-DFD1-419C-A9C7-95AAA7C6E6B7}.Release|Any CPU.ActiveCfg = Release|Any CPU
		{53D27E66-DFD1-419C-A9C7-95AAA7C6E6B7}.Release|Any CPU.Build.0 = Release|Any CPU
		{C05A115C-4684-429B-B534-B21FC83ECE6B}.Debug|Any CPU.ActiveCfg = Debug|Any CPU
		{C05A115C-4684-429B-B534-B21FC83ECE6B}.Debug|Any CPU.Build.0 = Debug|Any CPU
		{C05A115C-4684-429B-B534-B21FC83ECE6B}.Release|Any CPU.ActiveCfg = Release|Any CPU
		{C05A115C-4684-429B-B534-B21FC83ECE6B}.Release|Any CPU.Build.0 = Release|Any CPU
	EndGlobalSection
	GlobalSection(SolutionProperties) = preSolution
		HideSolutionNode = FALSE
	EndGlobalSection
EndGlobal
